
Microsoft Visual Studio Solution File, Format Version 12.00
# Visual Studio Version 17
VisualStudioVersion = 17.9.34616.47
MinimumVisualStudioVersion = 10.0.40219.1
Project("{FAE04EC0-301F-11D3-BF4B-00C04F79EFBC}") = "MSLearn.CSharpDoWhile.Challenge2.Project3", "MSLearn.CSharpDoWhile.Challenge2.Project3\MSLearn.CSharpDoWhile.Challenge2.Project3.csproj", "{9E4D8F72-02AF-4117-9393-A8B08222915B}"
EndProject
Global
	GlobalSection(SolutionConfigurationPlatforms) = preSolution
		Debug|Any CPU = Debug|Any CPU
		Release|Any CPU = Release|Any CPU
	EndGlobalSection
	GlobalSection(ProjectConfigurationPlatforms) = postSolution
		{9E4D8F72-02AF-4117-9393-A8B08222915B}.Debug|Any CPU.ActiveCfg = Debug|Any CPU
		{9E4D8F72-02AF-4117-9393-A8B08222915B}.Debug|Any CPU.Build.0 = Debug|Any CPU
		{9E4D8F72-02AF-4117-9393-A8B08222915B}.Release|Any CPU.ActiveCfg = Release|Any CPU
		{9E4D8F72-02AF-4117-9393-A8B08222915B}.Release|Any CPU.Build.0 = Release|Any CPU
	EndGlobalSection
	GlobalSection(SolutionProperties) = preSolution
		HideSolutionNode = FALSE
	EndGlobalSection
	GlobalSection(ExtensibilityGlobals) = postSolution
		SolutionGuid = {D5D67E59-4C2D-44D3-8BF0-A6B53C1CAEBE}
	EndGlobalSection
EndGlobal
